
Microsoft Visual Studio Solution File, Format Version 12.00
# Visual Studio Version 16
VisualStudioVersion = 16.0.31112.23
MinimumVisualStudioVersion = 10.0.40219.1
Project("{2150E333-8FDC-42A3-9474-1A3956D46DE8}") = "Solution Items", "Solution Items", "{5BF11277-BE5B-4B0E-BC57-37A2B8FC377C}"
	ProjectSection(SolutionItems) = preProject
		.editorconfig = .editorconfig
		omnisharp.json = omnisharp.json
	EndProjectSection
EndProject
Project("{9A19103F-16F7-4668-BE54-9A1E7A4F7556}") = "SpatialTests", "tests\Spatial\SpatialTests.csproj", "{33710237-8E13-4396-9FD4-4EF4C7986AF2}"
EndProject
Project("{9A19103F-16F7-4668-BE54-9A1E7A4F7556}") = "Spatial", "src\Spatial\Spatial.csproj", "{7AA2BCE0-A7EC-4789-BFC5-E47573950F78}"
EndProject
Project("{FAE04EC0-301F-11D3-BF4B-00C04F79EFBC}") = "Graphics", "src\Graphics\Graphics.csproj", "{CBA9686C-576D-441F-9B56-6B796DDDF213}"
EndProject
Project("{FAE04EC0-301F-11D3-BF4B-00C04F79EFBC}") = "VoxelEditor", "src\VoxelEditor\VoxelEditor.csproj", "{2B3DFF85-A316-4E57-A686-5FBA44BB2B6E}"
EndProject
Project("{2150E333-8FDC-42A3-9474-1A3956D46DE8}") = "tests", "tests", "{6975DE20-A549-11EB-B401-89D5D26CFDE5}"
EndProject
Global
	GlobalSection(SolutionConfigurationPlatforms) = preSolution
		Debug|Any CPU = Debug|Any CPU
		Release|Any CPU = Release|Any CPU
	EndGlobalSection
	GlobalSection(ProjectConfigurationPlatforms) = postSolution
		{33710237-8E13-4396-9FD4-4EF4C7986AF2}.Debug|Any CPU.ActiveCfg = Debug|Any CPU
		{33710237-8E13-4396-9FD4-4EF4C7986AF2}.Debug|Any CPU.Build.0 = Debug|Any CPU
		{33710237-8E13-4396-9FD4-4EF4C7986AF2}.Release|Any CPU.ActiveCfg = Release|Any CPU
		{33710237-8E13-4396-9FD4-4EF4C7986AF2}.Release|Any CPU.Build.0 = Release|Any CPU
		{7AA2BCE0-A7EC-4789-BFC5-E47573950F78}.Debug|Any CPU.ActiveCfg = Debug|Any CPU
		{7AA2BCE0-A7EC-4789-BFC5-E47573950F78}.Debug|Any CPU.Build.0 = Debug|Any CPU
		{7AA2BCE0-A7EC-4789-BFC5-E47573950F78}.Release|Any CPU.ActiveCfg = Release|Any CPU
		{7AA2BCE0-A7EC-4789-BFC5-E47573950F78}.Release|Any CPU.Build.0 = Release|Any CPU
		{CBA9686C-576D-441F-9B56-6B796DDDF213}.Debug|Any CPU.ActiveCfg = Debug|Any CPU
		{CBA9686C-576D-441F-9B56-6B796DDDF213}.Debug|Any CPU.Build.0 = Debug|Any CPU
		{CBA9686C-576D-441F-9B56-6B796DDDF213}.Release|Any CPU.ActiveCfg = Release|Any CPU
		{CBA9686C-576D-441F-9B56-6B796DDDF213}.Release|Any CPU.Build.0 = Release|Any CPU
		{2B3DFF85-A316-4E57-A686-5FBA44BB2B6E}.Debug|Any CPU.ActiveCfg = Debug|Any CPU
		{2B3DFF85-A316-4E57-A686-5FBA44BB2B6E}.Debug|Any CPU.Build.0 = Debug|Any CPU
		{2B3DFF85-A316-4E57-A686-5FBA44BB2B6E}.Release|Any CPU.ActiveCfg = Release|Any CPU
		{2B3DFF85-A316-4E57-A686-5FBA44BB2B6E}.Release|Any CPU.Build.0 = Release|Any CPU
	EndGlobalSection
	GlobalSection(SolutionProperties) = preSolution
		HideSolutionNode = FALSE
	EndGlobalSection
	GlobalSection(ExtensibilityGlobals) = postSolution
		SolutionGuid = {BABB0E8C-2D86-4F99-A532-1E6EDBE94087}
	EndGlobalSection
	GlobalSection(NestedProjects) = preSolution
		{33710237-8E13-4396-9FD4-4EF4C7986AF2} = {6975DE20-A549-11EB-B401-89D5D26CFDE5}
	EndGlobalSection
EndGlobal
