
Microsoft Visual Studio Solution File, Format Version 12.00
# Visual Studio Version 16
VisualStudioVersion = 16.0.31112.23
MinimumVisualStudioVersion = 10.0.40219.1
Project("{2150E333-8FDC-42A3-9474-1A3956D46DE8}") = "Solution Items", "Solution Items", "{5BF11277-BE5B-4B0E-BC57-37A2B8FC377C}"
	ProjectSection(SolutionItems) = preProject
		.editorconfig = .editorconfig
		README.md = README.md
	EndProjectSection
EndProject
Project("{9A19103F-16F7-4668-BE54-9A1E7A4F7556}") = "VoxelEngine.Graphics", "src\Graphics\VoxelEngine.Graphics.csproj", "{CBA9686C-576D-441F-9B56-6B796DDDF213}"
EndProject
Project("{9A19103F-16F7-4668-BE54-9A1E7A4F7556}") = "VoxelEngine.Editor", "src\VoxelEditor\VoxelEngine.Editor.csproj", "{2B3DFF85-A316-4E57-A686-5FBA44BB2B6E}"
EndProject
Project("{9A19103F-16F7-4668-BE54-9A1E7A4F7556}") = "VoxelEngine.Scene", "src\Scene\VoxelEngine.Scene.csproj", "{79A93096-D65A-4313-8866-DC8A50EECB15}"
EndProject
Project("{9A19103F-16F7-4668-BE54-9A1E7A4F7556}") = "VoxelEngine.Physics", "src\Physics\VoxelEngine.Physics.csproj", "{175D3170-DFB8-48CF-80CE-C50429952CA6}"
EndProject
Project("{9A19103F-16F7-4668-BE54-9A1E7A4F7556}") = "Tests.VoxelEngine", "tests\Tests.VoxelEngine.csproj", "{AC3E2C92-A0A0-44B2-92E6-2B5E50D3181D}"
EndProject
Project("{9A19103F-16F7-4668-BE54-9A1E7A4F7556}") = "VoxelEngine.Spatial", "src\Spatial\VoxelEngine.Spatial.csproj", "{60363F25-4A3D-4F3C-9ED7-82DE538079E0}"
EndProject
Global
	GlobalSection(SolutionConfigurationPlatforms) = preSolution
		Debug|Any CPU = Debug|Any CPU
		Release|Any CPU = Release|Any CPU
	EndGlobalSection
	GlobalSection(ProjectConfigurationPlatforms) = postSolution
		{CBA9686C-576D-441F-9B56-6B796DDDF213}.Debug|Any CPU.ActiveCfg = Debug|Any CPU
		{CBA9686C-576D-441F-9B56-6B796DDDF213}.Debug|Any CPU.Build.0 = Debug|Any CPU
		{CBA9686C-576D-441F-9B56-6B796DDDF213}.Release|Any CPU.ActiveCfg = Release|Any CPU
		{CBA9686C-576D-441F-9B56-6B796DDDF213}.Release|Any CPU.Build.0 = Release|Any CPU
		{2B3DFF85-A316-4E57-A686-5FBA44BB2B6E}.Debug|Any CPU.ActiveCfg = Debug|Any CPU
		{2B3DFF85-A316-4E57-A686-5FBA44BB2B6E}.Debug|Any CPU.Build.0 = Debug|Any CPU
		{2B3DFF85-A316-4E57-A686-5FBA44BB2B6E}.Release|Any CPU.ActiveCfg = Release|Any CPU
		{2B3DFF85-A316-4E57-A686-5FBA44BB2B6E}.Release|Any CPU.Build.0 = Release|Any CPU
		{79A93096-D65A-4313-8866-DC8A50EECB15}.Debug|Any CPU.ActiveCfg = Debug|Any CPU
		{79A93096-D65A-4313-8866-DC8A50EECB15}.Debug|Any CPU.Build.0 = Debug|Any CPU
		{79A93096-D65A-4313-8866-DC8A50EECB15}.Release|Any CPU.ActiveCfg = Release|Any CPU
		{79A93096-D65A-4313-8866-DC8A50EECB15}.Release|Any CPU.Build.0 = Release|Any CPU
		{175D3170-DFB8-48CF-80CE-C50429952CA6}.Debug|Any CPU.ActiveCfg = Debug|Any CPU
		{175D3170-DFB8-48CF-80CE-C50429952CA6}.Debug|Any CPU.Build.0 = Debug|Any CPU
		{175D3170-DFB8-48CF-80CE-C50429952CA6}.Release|Any CPU.ActiveCfg = Release|Any CPU
		{175D3170-DFB8-48CF-80CE-C50429952CA6}.Release|Any CPU.Build.0 = Release|Any CPU
		{AC3E2C92-A0A0-44B2-92E6-2B5E50D3181D}.Debug|Any CPU.ActiveCfg = Debug|Any CPU
		{AC3E2C92-A0A0-44B2-92E6-2B5E50D3181D}.Debug|Any CPU.Build.0 = Debug|Any CPU
		{AC3E2C92-A0A0-44B2-92E6-2B5E50D3181D}.Release|Any CPU.ActiveCfg = Release|Any CPU
		{AC3E2C92-A0A0-44B2-92E6-2B5E50D3181D}.Release|Any CPU.Build.0 = Release|Any CPU
		{60363F25-4A3D-4F3C-9ED7-82DE538079E0}.Debug|Any CPU.ActiveCfg = Debug|Any CPU
		{60363F25-4A3D-4F3C-9ED7-82DE538079E0}.Debug|Any CPU.Build.0 = Debug|Any CPU
		{60363F25-4A3D-4F3C-9ED7-82DE538079E0}.Release|Any CPU.ActiveCfg = Release|Any CPU
		{60363F25-4A3D-4F3C-9ED7-82DE538079E0}.Release|Any CPU.Build.0 = Release|Any CPU
	EndGlobalSection
	GlobalSection(SolutionProperties) = preSolution
		HideSolutionNode = FALSE
	EndGlobalSection
	GlobalSection(ExtensibilityGlobals) = postSolution
		SolutionGuid = {BABB0E8C-2D86-4F99-A532-1E6EDBE94087}
	EndGlobalSection
EndGlobal
